
Microsoft Visual Studio Solution File, Format Version 12.00
Project("{FAE04EC0-301F-11D3-BF4B-00C04F79EFBC}") = "SeniorPomidor.Web", "SeniorPomidor.Web\SeniorPomidor.Web.csproj", "{A2FBA665-B461-4B1E-BEA6-BC36811C8663}"
EndProject
Project("{FAE04EC0-301F-11D3-BF4B-00C04F79EFBC}") = "SeniorPomidor.Core", "SeniorPomidor.Core\SeniorPomidor.Core.csproj", "{8042515E-B83F-4855-BBE4-96635D86751F}"
EndProject
Global
	GlobalSection(SolutionConfigurationPlatforms) = preSolution
		Debug|Any CPU = Debug|Any CPU
		Release|Any CPU = Release|Any CPU
	EndGlobalSection
	GlobalSection(ProjectConfigurationPlatforms) = postSolution
		{A2FBA665-B461-4B1E-BEA6-BC36811C8663}.Debug|Any CPU.ActiveCfg = Debug|Any CPU
		{A2FBA665-B461-4B1E-BEA6-BC36811C8663}.Debug|Any CPU.Build.0 = Debug|Any CPU
		{A2FBA665-B461-4B1E-BEA6-BC36811C8663}.Release|Any CPU.ActiveCfg = Release|Any CPU
		{A2FBA665-B461-4B1E-BEA6-BC36811C8663}.Release|Any CPU.Build.0 = Release|Any CPU
		{8042515E-B83F-4855-BBE4-96635D86751F}.Debug|Any CPU.ActiveCfg = Debug|Any CPU
		{8042515E-B83F-4855-BBE4-96635D86751F}.Debug|Any CPU.Build.0 = Debug|Any CPU
		{8042515E-B83F-4855-BBE4-96635D86751F}.Release|Any CPU.ActiveCfg = Release|Any CPU
		{8042515E-B83F-4855-BBE4-96635D86751F}.Release|Any CPU.Build.0 = Release|Any CPU
	EndGlobalSection
EndGlobal
